{
  "name": "ticket-arbitrage",
  "version": "1.0.0",
  "lockfileVersion": 3,
  "requires": true,
  "dependencies": {
    "puppeteer": {
      "version": "21.0.0",
      "resolved": "https://registry.npmjs.org/puppeteer/-/puppeteer-21.0.0.tgz",
      "integrity": "sha512-0kE1MfWdnKfU1D+7c4Qy6Q6p/bVBRkCqlZ0Gx8H9lq+1y0K+1XqPZJ0L/1Zx+LJw7B7kC3ZvQCJv7U2/6w==",
      "dependencies": {
        "@puppeteer/browsers": "1.4.0"
      }
    }
  }
}
